
Microsoft Visual Studio Solution File, Format Version 12.00
# Visual Studio Version 17
VisualStudioVersion = 17.14.36221.1 d17.14
MinimumVisualStudioVersion = 10.0.40219.1
Project("{FAE04EC0-301F-11D3-BF4B-00C04F79EFBC}") = "Rope Swing Mod", "Rope Swing Mod\Rope Swing Mod.csproj", "{2ED9EBBE-F95C-429B-9ED7-975D295AD4F9}"
EndProject
Global
	GlobalSection(SolutionConfigurationPlatforms) = preSolution
		Debug|Any CPU = Debug|Any CPU
		Release|Any CPU = Release|Any CPU
	EndGlobalSection
	GlobalSection(ProjectConfigurationPlatforms) = postSolution
		{2ED9EBBE-F95C-429B-9ED7-975D295AD4F9}.Debug|Any CPU.ActiveCfg = Debug|Any CPU
		{2ED9EBBE-F95C-429B-9ED7-975D295AD4F9}.Debug|Any CPU.Build.0 = Debug|Any CPU
		{2ED9EBBE-F95C-429B-9ED7-975D295AD4F9}.Release|Any CPU.ActiveCfg = Release|Any CPU
		{2ED9EBBE-F95C-429B-9ED7-975D295AD4F9}.Release|Any CPU.Build.0 = Release|Any CPU
	EndGlobalSection
	GlobalSection(SolutionProperties) = preSolution
		HideSolutionNode = FALSE
	EndGlobalSection
	GlobalSection(ExtensibilityGlobals) = postSolution
		SolutionGuid = {326D0C00-0BAA-4416-9757-D15A97220FDB}
	EndGlobalSection
EndGlobal
